
Microsoft Visual Studio Solution File, Format Version 12.00
# Visual Studio 15
VisualStudioVersion = 15.0.27703.2035
MinimumVisualStudioVersion = 10.0.40219.1
Project("{FAE04EC0-301F-11D3-BF4B-00C04F79EFBC}") = "GalleryMaker", "GalleryMaker\GalleryMaker.csproj", "{96F7112F-72C2-4962-8AB6-726A5E12CC2E}"
EndProject
Project("{FAE04EC0-301F-11D3-BF4B-00C04F79EFBC}") = "DualFileDelete", "..\DualFileDelete\DualFileDelete\DualFileDelete.csproj", "{2D31107E-DE9A-4279-A200-7E411DD925B9}"
EndProject
Project("{FAE04EC0-301F-11D3-BF4B-00C04F79EFBC}") = "RenameFile", "..\RenameFile\RenameFile\RenameFile.csproj", "{26B15481-FDFB-4176-91C6-734FF1471D8D}"
EndProject
Global
	GlobalSection(SolutionConfigurationPlatforms) = preSolution
		Debug|Any CPU = Debug|Any CPU
		Release|Any CPU = Release|Any CPU
	EndGlobalSection
	GlobalSection(ProjectConfigurationPlatforms) = postSolution
		{96F7112F-72C2-4962-8AB6-726A5E12CC2E}.Debug|Any CPU.ActiveCfg = Debug|Any CPU
		{96F7112F-72C2-4962-8AB6-726A5E12CC2E}.Debug|Any CPU.Build.0 = Debug|Any CPU
		{96F7112F-72C2-4962-8AB6-726A5E12CC2E}.Release|Any CPU.ActiveCfg = Release|Any CPU
		{96F7112F-72C2-4962-8AB6-726A5E12CC2E}.Release|Any CPU.Build.0 = Release|Any CPU
		{2D31107E-DE9A-4279-A200-7E411DD925B9}.Debug|Any CPU.ActiveCfg = Debug|Any CPU
		{2D31107E-DE9A-4279-A200-7E411DD925B9}.Debug|Any CPU.Build.0 = Debug|Any CPU
		{2D31107E-DE9A-4279-A200-7E411DD925B9}.Release|Any CPU.ActiveCfg = Release|Any CPU
		{2D31107E-DE9A-4279-A200-7E411DD925B9}.Release|Any CPU.Build.0 = Release|Any CPU
		{26B15481-FDFB-4176-91C6-734FF1471D8D}.Debug|Any CPU.ActiveCfg = Debug|Any CPU
		{26B15481-FDFB-4176-91C6-734FF1471D8D}.Debug|Any CPU.Build.0 = Debug|Any CPU
		{26B15481-FDFB-4176-91C6-734FF1471D8D}.Release|Any CPU.ActiveCfg = Release|Any CPU
		{26B15481-FDFB-4176-91C6-734FF1471D8D}.Release|Any CPU.Build.0 = Release|Any CPU
	EndGlobalSection
	GlobalSection(SolutionProperties) = preSolution
		HideSolutionNode = FALSE
	EndGlobalSection
	GlobalSection(ExtensibilityGlobals) = postSolution
		SolutionGuid = {C452C657-9869-4B90-965B-F4EC9236D679}
	EndGlobalSection
EndGlobal
